
Microsoft Visual Studio Solution File, Format Version 12.00
# Visual Studio 15
VisualStudioVersion = 15.0.27703.2026
MinimumVisualStudioVersion = 10.0.40219.1
Project("{9A19103F-16F7-4668-BE54-9A1E7A4F7556}") = "Calculator.UI", "Calculator.UI\Calculator.UI.csproj", "{63B6BD5C-0761-433E-AC9D-E6D8088BA954}"
EndProject
Project("{FAE04EC0-301F-11D3-BF4B-00C04F79EFBC}") = "Calculator.WPF", "Calculator.WPF\Calculator.WPF.csproj", "{44F09081-4C10-4601-A4E2-816990CBB0E5}"
EndProject
Project("{9A19103F-16F7-4668-BE54-9A1E7A4F7556}") = "AsyncAwaitTraining", "AsyncAwaitTraining\AsyncAwaitTraining.csproj", "{CDF5F3C7-9E24-414A-9FBA-B11F29FFF8A1}"
EndProject
Project("{FAE04EC0-301F-11D3-BF4B-00C04F79EFBC}") = "MyCalculator", "MyCalculator\MyCalculator.csproj", "{935DD568-0142-4750-8850-E1ED299CF45A}"
EndProject
Project("{9A19103F-16F7-4668-BE54-9A1E7A4F7556}") = "Test", "Test\Test.csproj", "{7D789119-43A0-4599-AB50-02E12FB934F0}"
EndProject
Project("{FAE04EC0-301F-11D3-BF4B-00C04F79EFBC}") = "Calculator.MVVM.WPF", "Calculator.MVVM.WPF\Calculator.MVVM.WPF.csproj", "{A0E8B567-D4B2-44A6-A4D2-9D2AD905112B}"
EndProject
Project("{FAE04EC0-301F-11D3-BF4B-00C04F79EFBC}") = "Calculator.MVVM", "Calculator.MVVM\Calculator.MVVM.csproj", "{AF9E1EC3-DB3B-48FA-8DD9-529275FFEA68}"
EndProject
Global
	GlobalSection(SolutionConfigurationPlatforms) = preSolution
		Debug|Any CPU = Debug|Any CPU
		Release|Any CPU = Release|Any CPU
	EndGlobalSection
	GlobalSection(ProjectConfigurationPlatforms) = postSolution
		{63B6BD5C-0761-433E-AC9D-E6D8088BA954}.Debug|Any CPU.ActiveCfg = Debug|Any CPU
		{63B6BD5C-0761-433E-AC9D-E6D8088BA954}.Debug|Any CPU.Build.0 = Debug|Any CPU
		{63B6BD5C-0761-433E-AC9D-E6D8088BA954}.Release|Any CPU.ActiveCfg = Release|Any CPU
		{63B6BD5C-0761-433E-AC9D-E6D8088BA954}.Release|Any CPU.Build.0 = Release|Any CPU
		{44F09081-4C10-4601-A4E2-816990CBB0E5}.Debug|Any CPU.ActiveCfg = Debug|Any CPU
		{44F09081-4C10-4601-A4E2-816990CBB0E5}.Debug|Any CPU.Build.0 = Debug|Any CPU
		{44F09081-4C10-4601-A4E2-816990CBB0E5}.Release|Any CPU.ActiveCfg = Release|Any CPU
		{44F09081-4C10-4601-A4E2-816990CBB0E5}.Release|Any CPU.Build.0 = Release|Any CPU
		{CDF5F3C7-9E24-414A-9FBA-B11F29FFF8A1}.Debug|Any CPU.ActiveCfg = Debug|Any CPU
		{CDF5F3C7-9E24-414A-9FBA-B11F29FFF8A1}.Debug|Any CPU.Build.0 = Debug|Any CPU
		{CDF5F3C7-9E24-414A-9FBA-B11F29FFF8A1}.Release|Any CPU.ActiveCfg = Release|Any CPU
		{CDF5F3C7-9E24-414A-9FBA-B11F29FFF8A1}.Release|Any CPU.Build.0 = Release|Any CPU
		{935DD568-0142-4750-8850-E1ED299CF45A}.Debug|Any CPU.ActiveCfg = Debug|Any CPU
		{935DD568-0142-4750-8850-E1ED299CF45A}.Debug|Any CPU.Build.0 = Debug|Any CPU
		{935DD568-0142-4750-8850-E1ED299CF45A}.Release|Any CPU.ActiveCfg = Release|Any CPU
		{935DD568-0142-4750-8850-E1ED299CF45A}.Release|Any CPU.Build.0 = Release|Any CPU
		{7D789119-43A0-4599-AB50-02E12FB934F0}.Debug|Any CPU.ActiveCfg = Debug|Any CPU
		{7D789119-43A0-4599-AB50-02E12FB934F0}.Debug|Any CPU.Build.0 = Debug|Any CPU
		{7D789119-43A0-4599-AB50-02E12FB934F0}.Release|Any CPU.ActiveCfg = Release|Any CPU
		{7D789119-43A0-4599-AB50-02E12FB934F0}.Release|Any CPU.Build.0 = Release|Any CPU
		{A0E8B567-D4B2-44A6-A4D2-9D2AD905112B}.Debug|Any CPU.ActiveCfg = Debug|Any CPU
		{A0E8B567-D4B2-44A6-A4D2-9D2AD905112B}.Debug|Any CPU.Build.0 = Debug|Any CPU
		{A0E8B567-D4B2-44A6-A4D2-9D2AD905112B}.Release|Any CPU.ActiveCfg = Release|Any CPU
		{A0E8B567-D4B2-44A6-A4D2-9D2AD905112B}.Release|Any CPU.Build.0 = Release|Any CPU
		{AF9E1EC3-DB3B-48FA-8DD9-529275FFEA68}.Debug|Any CPU.ActiveCfg = Debug|Any CPU
		{AF9E1EC3-DB3B-48FA-8DD9-529275FFEA68}.Debug|Any CPU.Build.0 = Debug|Any CPU
		{AF9E1EC3-DB3B-48FA-8DD9-529275FFEA68}.Release|Any CPU.ActiveCfg = Release|Any CPU
		{AF9E1EC3-DB3B-48FA-8DD9-529275FFEA68}.Release|Any CPU.Build.0 = Release|Any CPU
	EndGlobalSection
	GlobalSection(SolutionProperties) = preSolution
		HideSolutionNode = FALSE
	EndGlobalSection
	GlobalSection(ExtensibilityGlobals) = postSolution
		SolutionGuid = {6108B2DE-EB45-4A76-A0E9-BFE398C33C5C}
	EndGlobalSection
EndGlobal
